{
  "requires": true,
  "lockfileVersion": 1,
  "dependencies": {
    "axios": {
      "version": "0.21.1",
      "resolved": "https://registry.npmjs.org/axios/-/axios-0.21.1.tgz",
      "integrity": "sha512-dKQiRHxGD9PPRIUNIWvZhPTPpl1rf/OxTYKsqKUDjBwYylTvV7SjSHJb9ratfyzM6wCdLCOYLzs73qpg5c4iGA==",
      "dev": true,
      "requires": {
        "follow-redirects": "^1.10.0"
      },
      "dependencies": {
        "follow-redirects": {
          "version": "1.13.1",
          "resolved": "https://registry.npmjs.org/follow-redirects/-/follow-redirects-1.13.1.tgz",
          "integrity": "sha512-SSG5xmZh1mkPGyKzjZP8zLjltIfpW32Y5QpdNJyjcfGxK3qo3NDDkZOZSFiGn1A6SclQxY9GzEwAHQ3dmYRWpg==",
          "dev": true
        }
      }
    },
    "bootstrap-sass": {
      "version": "3.3.7",
      "resolved": "https://registry.npmjs.org/bootstrap-sass/-/bootstrap-sass-3.3.7.tgz",
      "integrity": "sha1-ZZbHq0D2Y3OTMjqwvIDQZPxjBJg=",
      "dev": true
    },
    "cross-env": {
      "version": "3.2.4",
      "resolved": "https://registry.npmjs.org/cross-env/-/cross-env-3.2.4.tgz",
      "integrity": "sha1-ngWF8neGTtQhznVvgamA/w1piro=",
      "dev": true
    },
    "jquery": {
      "version": "3.3.1",
      "resolved": "https://registry.npmjs.org/jquery/-/jquery-3.3.1.tgz",
      "integrity": "sha512-Ubldcmxp5np52/ENotGxlLe6aGMvmF4R8S6tZjsP6Knsaxd/xp3Zrh50cG93lR6nPXyUFwzN3ZSOQI0wRJNdGg==",
      "dev": true
    },
    "laravel-echo": {
      "version": "1.3.4",
      "resolved": "https://registry.npmjs.org/laravel-echo/-/laravel-echo-1.3.4.tgz",
      "integrity": "sha512-66dyw6d0rU5r9WI60NKSNRnJlOg2kvC5oN9/MfZtO70dWkglgYPKuKx8v7PHP4f3FHkN81YH5s/aynuIanbo2w=="
    },
    "laravel-mix": {
      "version": "0.12.1",
      "resolved": "https://registry.npmjs.org/laravel-mix/-/laravel-mix-0.12.1.tgz",
      "integrity": "sha1-K0pbEjzkvJFn7qSUYbdWeuKSFQM=",
      "dev": true
    },
    "lodash": {
      "version": "4.17.4",
      "resolved": "https://registry.npmjs.org/lodash/-/lodash-4.17.4.tgz",
      "integrity": "sha1-eCA6TRwyiuHYbcpkYONptX9AVa4=",
      "dev": true
    },
    "pusher-js": {
      "version": "4.2.2",
      "resolved": "https://registry.npmjs.org/pusher-js/-/pusher-js-4.2.2.tgz",
      "integrity": "sha512-EjFE+PAC6lG7Ap3fhU7c2NyVul6DghNlEbiJVkcTca182U3b7iYgiQY8sQu9FCl5YmnOZ2L95RVYT9JM+YX9jQ==",
      "dependencies": {
        "faye-websocket": {
          "version": "0.9.4",
          "resolved": "https://registry.npmjs.org/faye-websocket/-/faye-websocket-0.9.4.tgz",
          "integrity": "sha1-iFk0x57/sECVSeDAo4Ae0XpAza0="
        }
      }
    },
    "vue": {
      "version": "2.5.13",
      "resolved": "https://registry.npmjs.org/vue/-/vue-2.5.13.tgz",
      "integrity": "sha512-3D+lY7HTkKbtswDM4BBHgqyq+qo8IAEE8lz8va1dz3LLmttjgo0FxairO4r1iN2OBqk8o1FyL4hvzzTFEdQSEw==",
      "dev": true
    }
  }
}
